
Microsoft Visual Studio Solution File, Format Version 12.00
# Visual Studio Version 17
VisualStudioVersion = 17.6.33829.357
MinimumVisualStudioVersion = 10.0.40219.1
Project("{FAE04EC0-301F-11D3-BF4B-00C04F79EFBC}") = "SyncPrime.Domain", "src\SyncPrime.Domain\SyncPrime.Domain.csproj", "{1066B337-BA2C-4885-B2AB-FED3FD7DE860}"
EndProject
Project("{FAE04EC0-301F-11D3-BF4B-00C04F79EFBC}") = "SyncPrime.Forms", "src\SyncPrime.Forms\SyncPrime.Forms.csproj", "{71C537AD-7170-45B2-94F6-CD356748690E}"
EndProject
Project("{FAE04EC0-301F-11D3-BF4B-00C04F79EFBC}") = "SyncPrime.Infrastructure.Data", "src\SyncPrime.Infrastructure.Data\SyncPrime.Infrastructure.Data.csproj", "{090DF844-6E5B-49BE-9B11-27781CEC7065}"
EndProject
Project("{FAE04EC0-301F-11D3-BF4B-00C04F79EFBC}") = "SyncPrime.Infrastructure.IOC", "src\SyncPrime.Infrastructure.IOC\SyncPrime.Infrastructure.IOC.csproj", "{408D4687-424C-4D4D-B0B0-DAFAB4E23EE0}"
EndProject
Project("{2150E333-8FDC-42A3-9474-1A3956D46DE8}") = "1 - Presentation", "1 - Presentation", "{0E9D2DD8-6DA3-4AC9-B130-71284792A21D}"
EndProject
Project("{2150E333-8FDC-42A3-9474-1A3956D46DE8}") = "3 - Domain", "3 - Domain", "{319B9B32-53C1-4EED-97C0-7C4224E48DAC}"
EndProject
Project("{2150E333-8FDC-42A3-9474-1A3956D46DE8}") = "4 - Infrastructure", "4 - Infrastructure", "{523801EA-F970-425D-A0B5-4AB04C6FEC47}"
EndProject
Project("{FAE04EC0-301F-11D3-BF4B-00C04F79EFBC}") = "SyncPrime.Infrastructure.CrossCutting", "src\SyncPrime.Infrastructure.CrossCutting\SyncPrime.Infrastructure.CrossCutting.csproj", "{CF1F2405-EBB1-45E2-8E85-0C6FE4DD6643}"
EndProject
Project("{2150E333-8FDC-42A3-9474-1A3956D46DE8}") = "2 - Application", "2 - Application", "{749847B3-D003-462D-93C2-90BC5EF4C236}"
EndProject
Project("{FAE04EC0-301F-11D3-BF4B-00C04F79EFBC}") = "SyncPrime.Application", "src\SyncPrime.Application\SyncPrime.Application.csproj", "{EF529722-622A-43C9-B6EF-2207300BD270}"
EndProject
Global
	GlobalSection(SolutionConfigurationPlatforms) = preSolution
		CAD|Any CPU = CAD|Any CPU
		CAD|x64 = CAD|x64
		Debug|Any CPU = Debug|Any CPU
		Debug|x64 = Debug|x64
		Release|Any CPU = Release|Any CPU
		Release|x64 = Release|x64
	EndGlobalSection
	GlobalSection(ProjectConfigurationPlatforms) = postSolution
		{1066B337-BA2C-4885-B2AB-FED3FD7DE860}.CAD|Any CPU.ActiveCfg = CAD|Any CPU
		{1066B337-BA2C-4885-B2AB-FED3FD7DE860}.CAD|Any CPU.Build.0 = CAD|Any CPU
		{1066B337-BA2C-4885-B2AB-FED3FD7DE860}.CAD|x64.ActiveCfg = CAD|x64
		{1066B337-BA2C-4885-B2AB-FED3FD7DE860}.CAD|x64.Build.0 = CAD|x64
		{1066B337-BA2C-4885-B2AB-FED3FD7DE860}.Debug|Any CPU.ActiveCfg = Debug|Any CPU
		{1066B337-BA2C-4885-B2AB-FED3FD7DE860}.Debug|Any CPU.Build.0 = Debug|Any CPU
		{1066B337-BA2C-4885-B2AB-FED3FD7DE860}.Debug|x64.ActiveCfg = Debug|x64
		{1066B337-BA2C-4885-B2AB-FED3FD7DE860}.Debug|x64.Build.0 = Debug|x64
		{1066B337-BA2C-4885-B2AB-FED3FD7DE860}.Release|Any CPU.ActiveCfg = Release|Any CPU
		{1066B337-BA2C-4885-B2AB-FED3FD7DE860}.Release|Any CPU.Build.0 = Release|Any CPU
		{1066B337-BA2C-4885-B2AB-FED3FD7DE860}.Release|x64.ActiveCfg = Release|x64
		{1066B337-BA2C-4885-B2AB-FED3FD7DE860}.Release|x64.Build.0 = Release|x64
		{71C537AD-7170-45B2-94F6-CD356748690E}.CAD|Any CPU.ActiveCfg = CAD|Any CPU
		{71C537AD-7170-45B2-94F6-CD356748690E}.CAD|Any CPU.Build.0 = CAD|Any CPU
		{71C537AD-7170-45B2-94F6-CD356748690E}.CAD|x64.ActiveCfg = CAD|x64
		{71C537AD-7170-45B2-94F6-CD356748690E}.CAD|x64.Build.0 = CAD|x64
		{71C537AD-7170-45B2-94F6-CD356748690E}.Debug|Any CPU.ActiveCfg = Debug|Any CPU
		{71C537AD-7170-45B2-94F6-CD356748690E}.Debug|Any CPU.Build.0 = Debug|Any CPU
		{71C537AD-7170-45B2-94F6-CD356748690E}.Debug|x64.ActiveCfg = Debug|x64
		{71C537AD-7170-45B2-94F6-CD356748690E}.Debug|x64.Build.0 = Debug|x64
		{71C537AD-7170-45B2-94F6-CD356748690E}.Release|Any CPU.ActiveCfg = Release|Any CPU
		{71C537AD-7170-45B2-94F6-CD356748690E}.Release|Any CPU.Build.0 = Release|Any CPU
		{71C537AD-7170-45B2-94F6-CD356748690E}.Release|x64.ActiveCfg = Release|x64
		{71C537AD-7170-45B2-94F6-CD356748690E}.Release|x64.Build.0 = Release|x64
		{090DF844-6E5B-49BE-9B11-27781CEC7065}.CAD|Any CPU.ActiveCfg = Debug|Any CPU
		{090DF844-6E5B-49BE-9B11-27781CEC7065}.CAD|Any CPU.Build.0 = Debug|Any CPU
		{090DF844-6E5B-49BE-9B11-27781CEC7065}.CAD|x64.ActiveCfg = Debug|Any CPU
		{090DF844-6E5B-49BE-9B11-27781CEC7065}.CAD|x64.Build.0 = Debug|Any CPU
		{090DF844-6E5B-49BE-9B11-27781CEC7065}.Debug|Any CPU.ActiveCfg = Debug|Any CPU
		{090DF844-6E5B-49BE-9B11-27781CEC7065}.Debug|Any CPU.Build.0 = Debug|Any CPU
		{090DF844-6E5B-49BE-9B11-27781CEC7065}.Debug|x64.ActiveCfg = Debug|Any CPU
		{090DF844-6E5B-49BE-9B11-27781CEC7065}.Debug|x64.Build.0 = Debug|Any CPU
		{090DF844-6E5B-49BE-9B11-27781CEC7065}.Release|Any CPU.ActiveCfg = Release|Any CPU
		{090DF844-6E5B-49BE-9B11-27781CEC7065}.Release|Any CPU.Build.0 = Release|Any CPU
		{090DF844-6E5B-49BE-9B11-27781CEC7065}.Release|x64.ActiveCfg = Release|Any CPU
		{090DF844-6E5B-49BE-9B11-27781CEC7065}.Release|x64.Build.0 = Release|Any CPU
		{408D4687-424C-4D4D-B0B0-DAFAB4E23EE0}.CAD|Any CPU.ActiveCfg = Debug|Any CPU
		{408D4687-424C-4D4D-B0B0-DAFAB4E23EE0}.CAD|Any CPU.Build.0 = Debug|Any CPU
		{408D4687-424C-4D4D-B0B0-DAFAB4E23EE0}.CAD|x64.ActiveCfg = Debug|Any CPU
		{408D4687-424C-4D4D-B0B0-DAFAB4E23EE0}.CAD|x64.Build.0 = Debug|Any CPU
		{408D4687-424C-4D4D-B0B0-DAFAB4E23EE0}.Debug|Any CPU.ActiveCfg = Debug|Any CPU
		{408D4687-424C-4D4D-B0B0-DAFAB4E23EE0}.Debug|Any CPU.Build.0 = Debug|Any CPU
		{408D4687-424C-4D4D-B0B0-DAFAB4E23EE0}.Debug|x64.ActiveCfg = Debug|Any CPU
		{408D4687-424C-4D4D-B0B0-DAFAB4E23EE0}.Debug|x64.Build.0 = Debug|Any CPU
		{408D4687-424C-4D4D-B0B0-DAFAB4E23EE0}.Release|Any CPU.ActiveCfg = Release|Any CPU
		{408D4687-424C-4D4D-B0B0-DAFAB4E23EE0}.Release|Any CPU.Build.0 = Release|Any CPU
		{408D4687-424C-4D4D-B0B0-DAFAB4E23EE0}.Release|x64.ActiveCfg = Release|Any CPU
		{408D4687-424C-4D4D-B0B0-DAFAB4E23EE0}.Release|x64.Build.0 = Release|Any CPU
		{CF1F2405-EBB1-45E2-8E85-0C6FE4DD6643}.CAD|Any CPU.ActiveCfg = Debug|Any CPU
		{CF1F2405-EBB1-45E2-8E85-0C6FE4DD6643}.CAD|Any CPU.Build.0 = Debug|Any CPU
		{CF1F2405-EBB1-45E2-8E85-0C6FE4DD6643}.CAD|x64.ActiveCfg = Debug|Any CPU
		{CF1F2405-EBB1-45E2-8E85-0C6FE4DD6643}.CAD|x64.Build.0 = Debug|Any CPU
		{CF1F2405-EBB1-45E2-8E85-0C6FE4DD6643}.Debug|Any CPU.ActiveCfg = Debug|Any CPU
		{CF1F2405-EBB1-45E2-8E85-0C6FE4DD6643}.Debug|Any CPU.Build.0 = Debug|Any CPU
		{CF1F2405-EBB1-45E2-8E85-0C6FE4DD6643}.Debug|x64.ActiveCfg = Debug|Any CPU
		{CF1F2405-EBB1-45E2-8E85-0C6FE4DD6643}.Debug|x64.Build.0 = Debug|Any CPU
		{CF1F2405-EBB1-45E2-8E85-0C6FE4DD6643}.Release|Any CPU.ActiveCfg = Release|Any CPU
		{CF1F2405-EBB1-45E2-8E85-0C6FE4DD6643}.Release|Any CPU.Build.0 = Release|Any CPU
		{CF1F2405-EBB1-45E2-8E85-0C6FE4DD6643}.Release|x64.ActiveCfg = Release|Any CPU
		{CF1F2405-EBB1-45E2-8E85-0C6FE4DD6643}.Release|x64.Build.0 = Release|Any CPU
		{EF529722-622A-43C9-B6EF-2207300BD270}.CAD|Any CPU.ActiveCfg = Debug|Any CPU
		{EF529722-622A-43C9-B6EF-2207300BD270}.CAD|Any CPU.Build.0 = Debug|Any CPU
		{EF529722-622A-43C9-B6EF-2207300BD270}.CAD|x64.ActiveCfg = Debug|Any CPU
		{EF529722-622A-43C9-B6EF-2207300BD270}.CAD|x64.Build.0 = Debug|Any CPU
		{EF529722-622A-43C9-B6EF-2207300BD270}.Debug|Any CPU.ActiveCfg = Debug|Any CPU
		{EF529722-622A-43C9-B6EF-2207300BD270}.Debug|Any CPU.Build.0 = Debug|Any CPU
		{EF529722-622A-43C9-B6EF-2207300BD270}.Debug|x64.ActiveCfg = Debug|Any CPU
		{EF529722-622A-43C9-B6EF-2207300BD270}.Debug|x64.Build.0 = Debug|Any CPU
		{EF529722-622A-43C9-B6EF-2207300BD270}.Release|Any CPU.ActiveCfg = Release|Any CPU
		{EF529722-622A-43C9-B6EF-2207300BD270}.Release|Any CPU.Build.0 = Release|Any CPU
		{EF529722-622A-43C9-B6EF-2207300BD270}.Release|x64.ActiveCfg = Release|Any CPU
		{EF529722-622A-43C9-B6EF-2207300BD270}.Release|x64.Build.0 = Release|Any CPU
	EndGlobalSection
	GlobalSection(SolutionProperties) = preSolution
		HideSolutionNode = FALSE
	EndGlobalSection
	GlobalSection(NestedProjects) = preSolution
		{1066B337-BA2C-4885-B2AB-FED3FD7DE860} = {319B9B32-53C1-4EED-97C0-7C4224E48DAC}
		{71C537AD-7170-45B2-94F6-CD356748690E} = {0E9D2DD8-6DA3-4AC9-B130-71284792A21D}
		{090DF844-6E5B-49BE-9B11-27781CEC7065} = {523801EA-F970-425D-A0B5-4AB04C6FEC47}
		{408D4687-424C-4D4D-B0B0-DAFAB4E23EE0} = {523801EA-F970-425D-A0B5-4AB04C6FEC47}
		{CF1F2405-EBB1-45E2-8E85-0C6FE4DD6643} = {523801EA-F970-425D-A0B5-4AB04C6FEC47}
		{EF529722-622A-43C9-B6EF-2207300BD270} = {749847B3-D003-462D-93C2-90BC5EF4C236}
	EndGlobalSection
	GlobalSection(ExtensibilityGlobals) = postSolution
		SolutionGuid = {AE572408-A10C-4D37-A95D-81056C9B8F26}
	EndGlobalSection
EndGlobal
